
Microsoft Visual Studio Solution File, Format Version 12.00
# Visual Studio Version 17
VisualStudioVersion = 17.5.33530.505
MinimumVisualStudioVersion = 10.0.40219.1
Project("{9A19103F-16F7-4668-BE54-9A1E7A4F7556}") = "TestApp", "TestApp\TestApp.csproj", "{E6EA1285-61B6-47F3-B07B-9D6493B3D147}"
EndProject
Global
	GlobalSection(SolutionConfigurationPlatforms) = preSolution
		Debug|Any CPU = Debug|Any CPU
		Release|Any CPU = Release|Any CPU
	EndGlobalSection
	GlobalSection(ProjectConfigurationPlatforms) = postSolution
		{E6EA1285-61B6-47F3-B07B-9D6493B3D147}.Debug|Any CPU.ActiveCfg = Debug|Any CPU
		{E6EA1285-61B6-47F3-B07B-9D6493B3D147}.Debug|Any CPU.Build.0 = Debug|Any CPU
		{E6EA1285-61B6-47F3-B07B-9D6493B3D147}.Release|Any CPU.ActiveCfg = Release|Any CPU
		{E6EA1285-61B6-47F3-B07B-9D6493B3D147}.Release|Any CPU.Build.0 = Release|Any CPU
	EndGlobalSection
	GlobalSection(SolutionProperties) = preSolution
		HideSolutionNode = FALSE
	EndGlobalSection
	GlobalSection(ExtensibilityGlobals) = postSolution
		SolutionGuid = {90270F76-3887-445A-8D76-1F417F2B1EBC}
	EndGlobalSection
EndGlobal
